
Microsoft Visual Studio Solution File, Format Version 12.00
# Visual Studio Version 17
VisualStudioVersion = 17.6.33801.468
MinimumVisualStudioVersion = 10.0.40219.1
Project("{FAE04EC0-301F-11D3-BF4B-00C04F79EFBC}") = "EF_Lecture", "EF_Lecture\EF_Lecture.csproj", "{601CE051-9618-443F-B779-457FA0C5ED1A}"
EndProject
Global
	GlobalSection(SolutionConfigurationPlatforms) = preSolution
		Debug|Any CPU = Debug|Any CPU
		Release|Any CPU = Release|Any CPU
	EndGlobalSection
	GlobalSection(ProjectConfigurationPlatforms) = postSolution
		{601CE051-9618-443F-B779-457FA0C5ED1A}.Debug|Any CPU.ActiveCfg = Debug|Any CPU
		{601CE051-9618-443F-B779-457FA0C5ED1A}.Debug|Any CPU.Build.0 = Debug|Any CPU
		{601CE051-9618-443F-B779-457FA0C5ED1A}.Release|Any CPU.ActiveCfg = Release|Any CPU
		{601CE051-9618-443F-B779-457FA0C5ED1A}.Release|Any CPU.Build.0 = Release|Any CPU
	EndGlobalSection
	GlobalSection(SolutionProperties) = preSolution
		HideSolutionNode = FALSE
	EndGlobalSection
	GlobalSection(ExtensibilityGlobals) = postSolution
		SolutionGuid = {149DB8A1-86AA-4E0B-8735-95240D48FD12}
	EndGlobalSection
EndGlobal
